
Microsoft Visual Studio Solution File, Format Version 12.00
# Visual Studio Version 16
VisualStudioVersion = 16.0.30309.148
MinimumVisualStudioVersion = 10.0.40219.1
Project("{FAE04EC0-301F-11D3-BF4B-00C04F79EFBC}") = "StacksAndQueues", "StacksAndQueues\StacksAndQueues.csproj", "{96357702-73AA-4CD4-9143-D658D29697A7}"
EndProject
Project("{FAE04EC0-301F-11D3-BF4B-00C04F79EFBC}") = "XUnitTestProject1", "XUnitTestProject1\XUnitTestProject1.csproj", "{CCC24A87-94C3-4FF9-B970-158897A5567D}"
EndProject
Global
	GlobalSection(SolutionConfigurationPlatforms) = preSolution
		Debug|Any CPU = Debug|Any CPU
		Release|Any CPU = Release|Any CPU
	EndGlobalSection
	GlobalSection(ProjectConfigurationPlatforms) = postSolution
		{96357702-73AA-4CD4-9143-D658D29697A7}.Debug|Any CPU.ActiveCfg = Debug|Any CPU
		{96357702-73AA-4CD4-9143-D658D29697A7}.Debug|Any CPU.Build.0 = Debug|Any CPU
		{96357702-73AA-4CD4-9143-D658D29697A7}.Release|Any CPU.ActiveCfg = Release|Any CPU
		{96357702-73AA-4CD4-9143-D658D29697A7}.Release|Any CPU.Build.0 = Release|Any CPU
		{CCC24A87-94C3-4FF9-B970-158897A5567D}.Debug|Any CPU.ActiveCfg = Debug|Any CPU
		{CCC24A87-94C3-4FF9-B970-158897A5567D}.Debug|Any CPU.Build.0 = Debug|Any CPU
		{CCC24A87-94C3-4FF9-B970-158897A5567D}.Release|Any CPU.ActiveCfg = Release|Any CPU
		{CCC24A87-94C3-4FF9-B970-158897A5567D}.Release|Any CPU.Build.0 = Release|Any CPU
	EndGlobalSection
	GlobalSection(SolutionProperties) = preSolution
		HideSolutionNode = FALSE
	EndGlobalSection
	GlobalSection(ExtensibilityGlobals) = postSolution
		SolutionGuid = {B472F791-B2D2-4C6B-9569-D3C006F7E0F9}
	EndGlobalSection
EndGlobal
